
Microsoft Visual Studio Solution File, Format Version 12.00
# Visual Studio Version 17
VisualStudioVersion = 17.8.34316.72
MinimumVisualStudioVersion = 10.0.40219.1
Project("{FAE04EC0-301F-11D3-BF4B-00C04F79EFBC}") = "MvcAssignment", "MvcAssignment\MvcAssignment.csproj", "{7B5EA0EC-03B2-44BC-817E-99C1B455ECBF}"
EndProject
Global
	GlobalSection(SolutionConfigurationPlatforms) = preSolution
		Debug|Any CPU = Debug|Any CPU
		Release|Any CPU = Release|Any CPU
	EndGlobalSection
	GlobalSection(ProjectConfigurationPlatforms) = postSolution
		{7B5EA0EC-03B2-44BC-817E-99C1B455ECBF}.Debug|Any CPU.ActiveCfg = Debug|Any CPU
		{7B5EA0EC-03B2-44BC-817E-99C1B455ECBF}.Debug|Any CPU.Build.0 = Debug|Any CPU
		{7B5EA0EC-03B2-44BC-817E-99C1B455ECBF}.Release|Any CPU.ActiveCfg = Release|Any CPU
		{7B5EA0EC-03B2-44BC-817E-99C1B455ECBF}.Release|Any CPU.Build.0 = Release|Any CPU
	EndGlobalSection
	GlobalSection(SolutionProperties) = preSolution
		HideSolutionNode = FALSE
	EndGlobalSection
	GlobalSection(ExtensibilityGlobals) = postSolution
		SolutionGuid = {B9B96984-EAF9-4E60-BFBE-D91F8F31396E}
	EndGlobalSection
EndGlobal
